// !$*UTF8*$!
{
	archiveVersion = 1;
	classes = {
	};
	objectVersion = 46;
	objects = {

/* Begin PBXBuildFile section */
		1817252E180B8E6700CFE2A0 /* UIKit.framework in Frameworks */ = {isa = PBXBuildFile; fileRef = 1817252D180B8E6700CFE2A0 /* UIKit.framework */; };
		18172530180B8E6700CFE2A0 /* Foundation.framework in Frameworks */ = {isa = PBXBuildFile; fileRef = 1817252F180B8E6700CFE2A0 /* Foundation.framework */; };
		18172532180B8E6700CFE2A0 /* CoreGraphics.framework in Frameworks */ = {isa = PBXBuildFile; fileRef = 18172531180B8E6700CFE2A0 /* CoreGraphics.framework */; };
		18172538180B8E6700CFE2A0 /* InfoPlist.strings in Resources */ = {isa = PBXBuildFile; fileRef = 18172536180B8E6700CFE2A0 /* InfoPlist.strings */; };
		1817253A180B8E6700CFE2A0 /* main.m in Sources */ = {isa = PBXBuildFile; fileRef = 18172539180B8E6700CFE2A0 /* main.m */; };
		1817253E180B8E6700CFE2A0 /* AppDelegate.m in Sources */ = {isa = PBXBuildFile; fileRef = 1817253D180B8E6700CFE2A0 /* AppDelegate.m */; };
		18172540180B8E6700CFE2A0 /* Default.png in Resources */ = {isa = PBXBuildFile; fileRef = 1817253F180B8E6700CFE2A0 /* Default.png */; };
		18172542180B8E6700CFE2A0 /* Default@2x.png in Resources */ = {isa = PBXBuildFile; fileRef = 18172541180B8E6700CFE2A0 /* Default@2x.png */; };
		18172544180B8E6700CFE2A0 /* Default-568h@2x.png in Resources */ = {isa = PBXBuildFile; fileRef = 18172543180B8E6700CFE2A0 /* Default-568h@2x.png */; };
		1817254D180B8ECE00CFE2A0 /* WaterFlowView.m in Sources */ = {isa = PBXBuildFile; fileRef = 1817254C180B8ECE00CFE2A0 /* WaterFlowView.m */; };
		18172550180B8EEC00CFE2A0 /* WaterFlowCellView.m in Sources */ = {isa = PBXBuildFile; fileRef = 1817254F180B8EEC00CFE2A0 /* WaterFlowCellView.m */; };
		18172553180B8F1900CFE2A0 /* WaterFlowViewController.m in Sources */ = {isa = PBXBuildFile; fileRef = 18172552180B8F1900CFE2A0 /* WaterFlowViewController.m */; };
		18172556180B8F6500CFE2A0 /* MainViewController.m in Sources */ = {isa = PBXBuildFile; fileRef = 18172555180B8F6500CFE2A0 /* MainViewController.m */; };
		18172590180B9CDF00CFE2A0 /* 123.jpg in Resources */ = {isa = PBXBuildFile; fileRef = 1817258F180B9CDF00CFE2A0 /* 123.jpg */; };
		1817259C180BC3EA00CFE2A0 /* mogujie.plist in Resources */ = {isa = PBXBuildFile; fileRef = 1817259B180BC3EA00CFE2A0 /* mogujie.plist */; };
		1817259F180BC4FE00CFE2A0 /* MGJData.m in Sources */ = {isa = PBXBuildFile; fileRef = 1817259E180BC4FD00CFE2A0 /* MGJData.m */; };
		181725EE180BDEF800CFE2A0 /* MKAnnotationView+WebCache.m in Sources */ = {isa = PBXBuildFile; fileRef = 181725D2180BDEF800CFE2A0 /* MKAnnotationView+WebCache.m */; };
		181725EF180BDEF800CFE2A0 /* NSData+GIF.m in Sources */ = {isa = PBXBuildFile; fileRef = 181725D4180BDEF800CFE2A0 /* NSData+GIF.m */; };
		181725F0180BDEF800CFE2A0 /* SDImageCache.m in Sources */ = {isa = PBXBuildFile; fileRef = 181725D6180BDEF800CFE2A0 /* SDImageCache.m */; };
		181725F1180BDEF800CFE2A0 /* SDWebImageCompat.m in Sources */ = {isa = PBXBuildFile; fileRef = 181725D8180BDEF800CFE2A0 /* SDWebImageCompat.m */; };
		181725F2180BDEF800CFE2A0 /* SDWebImageDecoder.m in Sources */ = {isa = PBXBuildFile; fileRef = 181725DA180BDEF800CFE2A0 /* SDWebImageDecoder.m */; };
		181725F3180BDEF800CFE2A0 /* SDWebImageDownloader.m in Sources */ = {isa = PBXBuildFile; fileRef = 181725DC180BDEF800CFE2A0 /* SDWebImageDownloader.m */; };
		181725F4180BDEF800CFE2A0 /* SDWebImageDownloaderOperation.m in Sources */ = {isa = PBXBuildFile; fileRef = 181725DE180BDEF800CFE2A0 /* SDWebImageDownloaderOperation.m */; };
		181725F5180BDEF800CFE2A0 /* SDWebImageManager.m in Sources */ = {isa = PBXBuildFile; fileRef = 181725E0180BDEF800CFE2A0 /* SDWebImageManager.m */; };
		181725F6180BDEF800CFE2A0 /* SDWebImagePrefetcher.m in Sources */ = {isa = PBXBuildFile; fileRef = 181725E3180BDEF800CFE2A0 /* SDWebImagePrefetcher.m */; };
		181725F7180BDEF800CFE2A0 /* UIButton+WebCache.m in Sources */ = {isa = PBXBuildFile; fileRef = 181725E5180BDEF800CFE2A0 /* UIButton+WebCache.m */; };
		181725F8180BDEF800CFE2A0 /* UIImage+GIF.m in Sources */ = {isa = PBXBuildFile; fileRef = 181725E7180BDEF800CFE2A0 /* UIImage+GIF.m */; };
		181725F9180BDEF800CFE2A0 /* UIImage+MultiFormat.m in Sources */ = {isa = PBXBuildFile; fileRef = 181725E9180BDEF800CFE2A0 /* UIImage+MultiFormat.m */; };
		181725FA180BDEF800CFE2A0 /* UIImage+WebP.m in Sources */ = {isa = PBXBuildFile; fileRef = 181725EB180BDEF800CFE2A0 /* UIImage+WebP.m */; };
		181725FB180BDEF800CFE2A0 /* UIImageView+WebCache.m in Sources */ = {isa = PBXBuildFile; fileRef = 181725ED180BDEF800CFE2A0 /* UIImageView+WebCache.m */; };
		181725FD180BDF8400CFE2A0 /* ImageIO.framework in Frameworks */ = {isa = PBXBuildFile; fileRef = 181725FC180BDF8400CFE2A0 /* ImageIO.framework */; };
		181725FF180BDF8C00CFE2A0 /* MapKit.framework in Frameworks */ = {isa = PBXBuildFile; fileRef = 181725FE180BDF8C00CFE2A0 /* MapKit.framework */; };
		18779B5E180E6C83007ACE5E /* Storyboard.storyboard in Resources */ = {isa = PBXBuildFile; fileRef = 18779B5D180E6C83007ACE5E /* Storyboard.storyboard */; };
/* End PBXBuildFile section */

/* Begin PBXFileReference section */
		1817252A180B8E6700CFE2A0 /* 瀑布流.app */ = {isa = PBXFileReference; explicitFileType = wrapper.application; includeInIndex = 0; path = "瀑布流.app"; sourceTree = BUILT_PRODUCTS_DIR; };
		1817252D180B8E6700CFE2A0 /* UIKit.framework */ = {isa = PBXFileReference; lastKnownFileType = wrapper.framework; name = UIKit.framework; path = System/Library/Frameworks/UIKit.framework; sourceTree = SDKROOT; };
		1817252F180B8E6700CFE2A0 /* Foundation.framework */ = {isa = PBXFileReference; lastKnownFileType = wrapper.framework; name = Foundation.framework; path = System/Library/Frameworks/Foundation.framework; sourceTree = SDKROOT; };
		18172531180B8E6700CFE2A0 /* CoreGraphics.framework */ = {isa = PBXFileReference; lastKnownFileType = wrapper.framework; name = CoreGraphics.framework; path = System/Library/Frameworks/CoreGraphics.framework; sourceTree = SDKROOT; };
		18172535180B8E6700CFE2A0 /* 瀑布流-Info.plist */ = {isa = PBXFileReference; lastKnownFileType = text.plist.xml; path = "瀑布流-Info.plist"; sourceTree = "<group>"; };
		18172537180B8E6700CFE2A0 /* en */ = {isa = PBXFileReference; lastKnownFileType = text.plist.strings; name = en; path = en.lproj/InfoPlist.strings; sourceTree = "<group>"; };
		18172539180B8E6700CFE2A0 /* main.m */ = {isa = PBXFileReference; lastKnownFileType = sourcecode.c.objc; path = main.m; sourceTree = "<group>"; };
		1817253B180B8E6700CFE2A0 /* 瀑布流-Prefix.pch */ = {isa = PBXFileReference; lastKnownFileType = sourcecode.c.h; path = "瀑布流-Prefix.pch"; sourceTree = "<group>"; };
		1817253C180B8E6700CFE2A0 /* AppDelegate.h */ = {isa = PBXFileReference; lastKnownFileType = sourcecode.c.h; path = AppDelegate.h; sourceTree = "<group>"; };
		1817253D180B8E6700CFE2A0 /* AppDelegate.m */ = {isa = PBXFileReference; lastKnownFileType = sourcecode.c.objc; path = AppDelegate.m; sourceTree = "<group>"; };
		1817253F180B8E6700CFE2A0 /* Default.png */ = {isa = PBXFileReference; lastKnownFileType = image.png; path = Default.png; sourceTree = "<group>"; };
		18172541180B8E6700CFE2A0 /* Default@2x.png */ = {isa = PBXFileReference; lastKnownFileType = image.png; path = "Default@2x.png"; sourceTree = "<group>"; };
		18172543180B8E6700CFE2A0 /* Default-568h@2x.png */ = {isa = PBXFileReference; lastKnownFileType = image.png; path = "Default-568h@2x.png"; sourceTree = "<group>"; };
		1817254B180B8ECE00CFE2A0 /* WaterFlowView.h */ = {isa = PBXFileReference; fileEncoding = 4; lastKnownFileType = sourcecode.c.h; path = WaterFlowView.h; sourceTree = "<group>"; };
		1817254C180B8ECE00CFE2A0 /* WaterFlowView.m */ = {isa = PBXFileReference; fileEncoding = 4; lastKnownFileType = sourcecode.c.objc; path = WaterFlowView.m; sourceTree = "<group>"; };
		1817254E180B8EEC00CFE2A0 /* WaterFlowCellView.h */ = {isa = PBXFileReference; fileEncoding = 4; lastKnownFileType = sourcecode.c.h; path = WaterFlowCellView.h; sourceTree = "<group>"; };
		1817254F180B8EEC00CFE2A0 /* WaterFlowCellView.m */ = {isa = PBXFileReference; fileEncoding = 4; lastKnownFileType = sourcecode.c.objc; path = WaterFlowCellView.m; sourceTree = "<group>"; };
		18172551180B8F1900CFE2A0 /* WaterFlowViewController.h */ = {isa = PBXFileReference; fileEncoding = 4; lastKnownFileType = sourcecode.c.h; path = WaterFlowViewController.h; sourceTree = "<group>"; };
		18172552180B8F1900CFE2A0 /* WaterFlowViewController.m */ = {isa = PBXFileReference; fileEncoding = 4; lastKnownFileType = sourcecode.c.objc; path = WaterFlowViewController.m; sourceTree = "<group>"; };
		18172554180B8F6500CFE2A0 /* MainViewController.h */ = {isa = PBXFileReference; fileEncoding = 4; lastKnownFileType = sourcecode.c.h; path = MainViewController.h; sourceTree = "<group>"; };
		18172555180B8F6500CFE2A0 /* MainViewController.m */ = {isa = PBXFileReference; fileEncoding = 4; lastKnownFileType = sourcecode.c.objc; path = MainViewController.m; sourceTree = "<group>"; };
		1817258F180B9CDF00CFE2A0 /* 123.jpg */ = {isa = PBXFileReference; lastKnownFileType = image.jpeg; path = 123.jpg; sourceTree = "<group>"; };
		1817259B180BC3EA00CFE2A0 /* mogujie.plist */ = {isa = PBXFileReference; fileEncoding = 4; lastKnownFileType = text.plist.xml; path = mogujie.plist; sourceTree = "<group>"; };
		1817259D180BC4FD00CFE2A0 /* MGJData.h */ = {isa = PBXFileReference; fileEncoding = 4; lastKnownFileType = sourcecode.c.h; path = MGJData.h; sourceTree = "<group>"; };
		1817259E180BC4FD00CFE2A0 /* MGJData.m */ = {isa = PBXFileReference; fileEncoding = 4; lastKnownFileType = sourcecode.c.objc; path = MGJData.m; sourceTree = "<group>"; };
		181725D1180BDEF800CFE2A0 /* MKAnnotationView+WebCache.h */ = {isa = PBXFileReference; fileEncoding = 4; lastKnownFileType = sourcecode.c.h; path = "MKAnnotationView+WebCache.h"; sourceTree = "<group>"; };
		181725D2180BDEF800CFE2A0 /* MKAnnotationView+WebCache.m */ = {isa = PBXFileReference; fileEncoding = 4; lastKnownFileType = sourcecode.c.objc; path = "MKAnnotationView+WebCache.m"; sourceTree = "<group>"; };
		181725D3180BDEF800CFE2A0 /* NSData+GIF.h */ = {isa = PBXFileReference; fileEncoding = 4; lastKnownFileType = sourcecode.c.h; path = "NSData+GIF.h"; sourceTree = "<group>"; };
		181725D4180BDEF800CFE2A0 /* NSData+GIF.m */ = {isa = PBXFileReference; fileEncoding = 4; lastKnownFileType = sourcecode.c.objc; path = "NSData+GIF.m"; sourceTree = "<group>"; };
		181725D5180BDEF800CFE2A0 /* SDImageCache.h */ = {isa = PBXFileReference; fileEncoding = 4; lastKnownFileType = sourcecode.c.h; path = SDImageCache.h; sourceTree = "<group>"; };
		181725D6180BDEF800CFE2A0 /* SDImageCache.m */ = {isa = PBXFileReference; fileEncoding = 4; lastKnownFileType = sourcecode.c.objc; path = SDImageCache.m; sourceTree = "<group>"; };
		181725D7180BDEF800CFE2A0 /* SDWebImageCompat.h */ = {isa = PBXFileReference; fileEncoding = 4; lastKnownFileType = sourcecode.c.h; path = SDWebImageCompat.h; sourceTree = "<group>"; };
		181725D8180BDEF800CFE2A0 /* SDWebImageCompat.m */ = {isa = PBXFileReference; fileEncoding = 4; lastKnownFileType = sourcecode.c.objc; path = SDWebImageCompat.m; sourceTree = "<group>"; };
		181725D9180BDEF800CFE2A0 /* SDWebImageDecoder.h */ = {isa = PBXFileReference; fileEncoding = 4; lastKnownFileType = sourcecode.c.h; path = SDWebImageDecoder.h; sourceTree = "<group>"; };
		181725DA180BDEF800CFE2A0 /* SDWebImageDecoder.m */ = {isa = PBXFileReference; fileEncoding = 4; lastKnownFileType = sourcecode.c.objc; path = SDWebImageDecoder.m; sourceTree = "<group>"; };
		181725DB180BDEF800CFE2A0 /* SDWebImageDownloader.h */ = {isa = PBXFileReference; fileEncoding = 4; lastKnownFileType = sourcecode.c.h; path = SDWebImageDownloader.h; sourceTree = "<group>"; };
		181725DC180BDEF800CFE2A0 /* SDWebImageDownloader.m */ = {isa = PBXFileReference; fileEncoding = 4; lastKnownFileType = sourcecode.c.objc; path = SDWebImageDownloader.m; sourceTree = "<group>"; };
		181725DD180BDEF800CFE2A0 /* SDWebImageDownloaderOperation.h */ = {isa = PBXFileReference; fileEncoding = 4; lastKnownFileType = sourcecode.c.h; path = SDWebImageDownloaderOperation.h; sourceTree = "<group>"; };
		181725DE180BDEF800CFE2A0 /* SDWebImageDownloaderOperation.m */ = {isa = PBXFileReference; fileEncoding = 4; lastKnownFileType = sourcecode.c.objc; path = SDWebImageDownloaderOperation.m; sourceTree = "<group>"; };
		181725DF180BDEF800CFE2A0 /* SDWebImageManager.h */ = {isa = PBXFileReference; fileEncoding = 4; lastKnownFileType = sourcecode.c.h; path = SDWebImageManager.h; sourceTree = "<group>"; };
		181725E0180BDEF800CFE2A0 /* SDWebImageManager.m */ = {isa = PBXFileReference; fileEncoding = 4; lastKnownFileType = sourcecode.c.objc; path = SDWebImageManager.m; sourceTree = "<group>"; };
		181725E1180BDEF800CFE2A0 /* SDWebImageOperation.h */ = {isa = PBXFileReference; fileEncoding = 4; lastKnownFileType = sourcecode.c.h; path = SDWebImageOperation.h; sourceTree = "<group>"; };
		181725E2180BDEF800CFE2A0 /* SDWebImagePrefetcher.h */ = {isa = PBXFileReference; fileEncoding = 4; lastKnownFileType = sourcecode.c.h; path = SDWebImagePrefetcher.h; sourceTree = "<group>"; };
		181725E3180BDEF800CFE2A0 /* SDWebImagePrefetcher.m */ = {isa = PBXFileReference; fileEncoding = 4; lastKnownFileType = sourcecode.c.objc; path = SDWebImagePrefetcher.m; sourceTree = "<group>"; };
		181725E4180BDEF800CFE2A0 /* UIButton+WebCache.h */ = {isa = PBXFileReference; fileEncoding = 4; lastKnownFileType = sourcecode.c.h; path = "UIButton+WebCache.h"; sourceTree = "<group>"; };
		181725E5180BDEF800CFE2A0 /* UIButton+WebCache.m */ = {isa = PBXFileReference; fileEncoding = 4; lastKnownFileType = sourcecode.c.objc; path = "UIButton+WebCache.m"; sourceTree = "<group>"; };
		181725E6180BDEF800CFE2A0 /* UIImage+GIF.h */ = {isa = PBXFileReference; fileEncoding = 4; lastKnownFileType = sourcecode.c.h; path = "UIImage+GIF.h"; sourceTree = "<group>"; };
		181725E7180BDEF800CFE2A0 /* UIImage+GIF.m */ = {isa = PBXFileReference; fileEncoding = 4; lastKnownFileType = sourcecode.c.objc; path = "UIImage+GIF.m"; sourceTree = "<group>"; };
		181725E8180BDEF800CFE2A0 /* UIImage+MultiFormat.h */ = {isa = PBXFileReference; fileEncoding = 4; lastKnownFileType = sourcecode.c.h; path = "UIImage+MultiFormat.h"; sourceTree = "<group>"; };
		181725E9180BDEF800CFE2A0 /* UIImage+MultiFormat.m */ = {isa = PBXFileReference; fileEncoding = 4; lastKnownFileType = sourcecode.c.objc; path = "UIImage+MultiFormat.m"; sourceTree = "<group>"; };
		181725EA180BDEF800CFE2A0 /* UIImage+WebP.h */ = {isa = PBXFileReference; fileEncoding = 4; lastKnownFileType = sourcecode.c.h; path = "UIImage+WebP.h"; sourceTree = "<group>"; };
		181725EB180BDEF800CFE2A0 /* UIImage+WebP.m */ = {isa = PBXFileReference; fileEncoding = 4; lastKnownFileType = sourcecode.c.objc; path = "UIImage+WebP.m"; sourceTree = "<group>"; };
		181725EC180BDEF800CFE2A0 /* UIImageView+WebCache.h */ = {isa = PBXFileReference; fileEncoding = 4; lastKnownFileType = sourcecode.c.h; path = "UIImageView+WebCache.h"; sourceTree = "<group>"; };
		181725ED180BDEF800CFE2A0 /* UIImageView+WebCache.m */ = {isa = PBXFileReference; fileEncoding = 4; lastKnownFileType = sourcecode.c.objc; path = "UIImageView+WebCache.m"; sourceTree = "<group>"; };
		181725FC180BDF8400CFE2A0 /* ImageIO.framework */ = {isa = PBXFileReference; lastKnownFileType = wrapper.framework; name = ImageIO.framework; path = System/Library/Frameworks/ImageIO.framework; sourceTree = SDKROOT; };
		181725FE180BDF8C00CFE2A0 /* MapKit.framework */ = {isa = PBXFileReference; lastKnownFileType = wrapper.framework; name = MapKit.framework; path = System/Library/Frameworks/MapKit.framework; sourceTree = SDKROOT; };
		18779B5D180E6C83007ACE5E /* Storyboard.storyboard */ = {isa = PBXFileReference; fileEncoding = 4; lastKnownFileType = file.storyboard; path = Storyboard.storyboard; sourceTree = "<group>"; };
/* End PBXFileReference section */

/* Begin PBXFrameworksBuildPhase section */
		18172527180B8E6700CFE2A0 /* Frameworks */ = {
			isa = PBXFrameworksBuildPhase;
			buildActionMask = 2147483647;
			files = (
				181725FF180BDF8C00CFE2A0 /* MapKit.framework in Frameworks */,
				181725FD180BDF8400CFE2A0 /* ImageIO.framework in Frameworks */,
				1817252E180B8E6700CFE2A0 /* UIKit.framework in Frameworks */,
				18172530180B8E6700CFE2A0 /* Foundation.framework in Frameworks */,
				18172532180B8E6700CFE2A0 /* CoreGraphics.framework in Frameworks */,
			);
			runOnlyForDeploymentPostprocessing = 0;
		};
/* End PBXFrameworksBuildPhase section */

/* Begin PBXGroup section */
		18172521180B8E6700CFE2A0 = {
			isa = PBXGroup;
			children = (
				18172533180B8E6700CFE2A0 /* 瀑布流 */,
				1817252C180B8E6700CFE2A0 /* Frameworks */,
				1817252B180B8E6700CFE2A0 /* Products */,
			);
			sourceTree = "<group>";
		};
		1817252B180B8E6700CFE2A0 /* Products */ = {
			isa = PBXGroup;
			children = (
				1817252A180B8E6700CFE2A0 /* 瀑布流.app */,
			);
			name = Products;
			sourceTree = "<group>";
		};
		1817252C180B8E6700CFE2A0 /* Frameworks */ = {
			isa = PBXGroup;
			children = (
				181725FE180BDF8C00CFE2A0 /* MapKit.framework */,
				181725FC180BDF8400CFE2A0 /* ImageIO.framework */,
				1817252D180B8E6700CFE2A0 /* UIKit.framework */,
				1817252F180B8E6700CFE2A0 /* Foundation.framework */,
				18172531180B8E6700CFE2A0 /* CoreGraphics.framework */,
			);
			name = Frameworks;
			sourceTree = "<group>";
		};
		18172533180B8E6700CFE2A0 /* 瀑布流 */ = {
			isa = PBXGroup;
			children = (
				181725CF180BDEE000CFE2A0 /* lib */,
				1817254A180B8E8600CFE2A0 /* WaterFlow */,
				1817253C180B8E6700CFE2A0 /* AppDelegate.h */,
				1817253D180B8E6700CFE2A0 /* AppDelegate.m */,
				18172554180B8F6500CFE2A0 /* MainViewController.h */,
				18172555180B8F6500CFE2A0 /* MainViewController.m */,
				1817259D180BC4FD00CFE2A0 /* MGJData.h */,
				1817259E180BC4FD00CFE2A0 /* MGJData.m */,
				18779B5D180E6C83007ACE5E /* Storyboard.storyboard */,
				18172534180B8E6700CFE2A0 /* Supporting Files */,
			);
			path = "瀑布流";
			sourceTree = "<group>";
		};
		18172534180B8E6700CFE2A0 /* Supporting Files */ = {
			isa = PBXGroup;
			children = (
				1817259B180BC3EA00CFE2A0 /* mogujie.plist */,
				1817258F180B9CDF00CFE2A0 /* 123.jpg */,
				18172535180B8E6700CFE2A0 /* 瀑布流-Info.plist */,
				18172536180B8E6700CFE2A0 /* InfoPlist.strings */,
				18172539180B8E6700CFE2A0 /* main.m */,
				1817253B180B8E6700CFE2A0 /* 瀑布流-Prefix.pch */,
				1817253F180B8E6700CFE2A0 /* Default.png */,
				18172541180B8E6700CFE2A0 /* Default@2x.png */,
				18172543180B8E6700CFE2A0 /* Default-568h@2x.png */,
			);
			name = "Supporting Files";
			sourceTree = "<group>";
		};
		1817254A180B8E8600CFE2A0 /* WaterFlow */ = {
			isa = PBXGroup;
			children = (
				18172551180B8F1900CFE2A0 /* WaterFlowViewController.h */,
				18172552180B8F1900CFE2A0 /* WaterFlowViewController.m */,
				1817254B180B8ECE00CFE2A0 /* WaterFlowView.h */,
				1817254C180B8ECE00CFE2A0 /* WaterFlowView.m */,
				1817254E180B8EEC00CFE2A0 /* WaterFlowCellView.h */,
				1817254F180B8EEC00CFE2A0 /* WaterFlowCellView.m */,
			);
			path = WaterFlow;
			sourceTree = "<group>";
		};
		181725CF180BDEE000CFE2A0 /* lib */ = {
			isa = PBXGroup;
			children = (
				181725D0180BDEF800CFE2A0 /* SDWebImage */,
			);
			path = lib;
			sourceTree = "<group>";
		};
		181725D0180BDEF800CFE2A0 /* SDWebImage */ = {
			isa = PBXGroup;
			children = (
				181725D1180BDEF800CFE2A0 /* MKAnnotationView+WebCache.h */,
				181725D2180BDEF800CFE2A0 /* MKAnnotationView+WebCache.m */,
				181725D3180BDEF800CFE2A0 /* NSData+GIF.h */,
				181725D4180BDEF800CFE2A0 /* NSData+GIF.m */,
				181725D5180BDEF800CFE2A0 /* SDImageCache.h */,
				181725D6180BDEF800CFE2A0 /* SDImageCache.m */,
				181725D7180BDEF800CFE2A0 /* SDWebImageCompat.h */,
				181725D8180BDEF800CFE2A0 /* SDWebImageCompat.m */,
				181725D9180BDEF800CFE2A0 /* SDWebImageDecoder.h */,
				181725DA180BDEF800CFE2A0 /* SDWebImageDecoder.m */,
				181725DB180BDEF800CFE2A0 /* SDWebImageDownloader.h */,
				181725DC180BDEF800CFE2A0 /* SDWebImageDownloader.m */,
				181725DD180BDEF800CFE2A0 /* SDWebImageDownloaderOperation.h */,
				181725DE180BDEF800CFE2A0 /* SDWebImageDownloaderOperation.m */,
				181725DF180BDEF800CFE2A0 /* SDWebImageManager.h */,
				181725E0180BDEF800CFE2A0 /* SDWebImageManager.m */,
				181725E1180BDEF800CFE2A0 /* SDWebImageOperation.h */,
				181725E2180BDEF800CFE2A0 /* SDWebImagePrefetcher.h */,
				181725E3180BDEF800CFE2A0 /* SDWebImagePrefetcher.m */,
				181725E4180BDEF800CFE2A0 /* UIButton+WebCache.h */,
				181725E5180BDEF800CFE2A0 /* UIButton+WebCache.m */,
				181725E6180BDEF800CFE2A0 /* UIImage+GIF.h */,
				181725E7180BDEF800CFE2A0 /* UIImage+GIF.m */,
				181725E8180BDEF800CFE2A0 /* UIImage+MultiFormat.h */,
				181725E9180BDEF800CFE2A0 /* UIImage+MultiFormat.m */,
				181725EA180BDEF800CFE2A0 /* UIImage+WebP.h */,
				181725EB180BDEF800CFE2A0 /* UIImage+WebP.m */,
				181725EC180BDEF800CFE2A0 /* UIImageView+WebCache.h */,
				181725ED180BDEF800CFE2A0 /* UIImageView+WebCache.m */,
			);
			path = SDWebImage;
			sourceTree = "<group>";
		};
/* End PBXGroup section */

/* Begin PBXNativeTarget section */
		18172529180B8E6700CFE2A0 /* 瀑布流 */ = {
			isa = PBXNativeTarget;
			buildConfigurationList = 18172547180B8E6700CFE2A0 /* Build configuration list for PBXNativeTarget "瀑布流" */;
			buildPhases = (
				18172526180B8E6700CFE2A0 /* Sources */,
				18172527180B8E6700CFE2A0 /* Frameworks */,
				18172528180B8E6700CFE2A0 /* Resources */,
			);
			buildRules = (
			);
			dependencies = (
			);
			name = "瀑布流";
			productName = "瀑布流";
			productReference = 1817252A180B8E6700CFE2A0 /* 瀑布流.app */;
			productType = "com.apple.product-type.application";
		};
/* End PBXNativeTarget section */

/* Begin PBXProject section */
		18172522180B8E6700CFE2A0 /* Project object */ = {
			isa = PBXProject;
			attributes = {
				LastUpgradeCheck = 0460;
				ORGANIZATIONNAME = itcast;
			};
			buildConfigurationList = 18172525180B8E6700CFE2A0 /* Build configuration list for PBXProject "瀑布流" */;
			compatibilityVersion = "Xcode 3.2";
			developmentRegion = English;
			hasScannedForEncodings = 0;
			knownRegions = (
				en,
			);
			mainGroup = 18172521180B8E6700CFE2A0;
			productRefGroup = 1817252B180B8E6700CFE2A0 /* Products */;
			projectDirPath = "";
			projectRoot = "";
			targets = (
				18172529180B8E6700CFE2A0 /* 瀑布流 */,
			);
		};
/* End PBXProject section */

/* Begin PBXResourcesBuildPhase section */
		18172528180B8E6700CFE2A0 /* Resources */ = {
			isa = PBXResourcesBuildPhase;
			buildActionMask = 2147483647;
			files = (
				18172538180B8E6700CFE2A0 /* InfoPlist.strings in Resources */,
				18172540180B8E6700CFE2A0 /* Default.png in Resources */,
				18172542180B8E6700CFE2A0 /* Default@2x.png in Resources */,
				18172544180B8E6700CFE2A0 /* Default-568h@2x.png in Resources */,
				18172590180B9CDF00CFE2A0 /* 123.jpg in Resources */,
				1817259C180BC3EA00CFE2A0 /* mogujie.plist in Resources */,
				18779B5E180E6C83007ACE5E /* Storyboard.storyboard in Resources */,
			);
			runOnlyForDeploymentPostprocessing = 0;
		};
/* End PBXResourcesBuildPhase section */

/* Begin PBXSourcesBuildPhase section */
		18172526180B8E6700CFE2A0 /* Sources */ = {
			isa = PBXSourcesBuildPhase;
			buildActionMask = 2147483647;
			files = (
				1817253A180B8E6700CFE2A0 /* main.m in Sources */,
				1817253E180B8E6700CFE2A0 /* AppDelegate.m in Sources */,
				1817254D180B8ECE00CFE2A0 /* WaterFlowView.m in Sources */,
				18172550180B8EEC00CFE2A0 /* WaterFlowCellView.m in Sources */,
				18172553180B8F1900CFE2A0 /* WaterFlowViewController.m in Sources */,
				18172556180B8F6500CFE2A0 /* MainViewController.m in Sources */,
				1817259F180BC4FE00CFE2A0 /* MGJData.m in Sources */,
				181725EE180BDEF800CFE2A0 /* MKAnnotationView+WebCache.m in Sources */,
				181725EF180BDEF800CFE2A0 /* NSData+GIF.m in Sources */,
				181725F0180BDEF800CFE2A0 /* SDImageCache.m in Sources */,
				181725F1180BDEF800CFE2A0 /* SDWebImageCompat.m in Sources */,
				181725F2180BDEF800CFE2A0 /* SDWebImageDecoder.m in Sources */,
				181725F3180BDEF800CFE2A0 /* SDWebImageDownloader.m in Sources */,
				181725F4180BDEF800CFE2A0 /* SDWebImageDownloaderOperation.m in Sources */,
				181725F5180BDEF800CFE2A0 /* SDWebImageManager.m in Sources */,
				181725F6180BDEF800CFE2A0 /* SDWebImagePrefetcher.m in Sources */,
				181725F7180BDEF800CFE2A0 /* UIButton+WebCache.m in Sources */,
				181725F8180BDEF800CFE2A0 /* UIImage+GIF.m in Sources */,
				181725F9180BDEF800CFE2A0 /* UIImage+MultiFormat.m in Sources */,
				181725FA180BDEF800CFE2A0 /* UIImage+WebP.m in Sources */,
				181725FB180BDEF800CFE2A0 /* UIImageView+WebCache.m in Sources */,
			);
			runOnlyForDeploymentPostprocessing = 0;
		};
/* End PBXSourcesBuildPhase section */

/* Begin PBXVariantGroup section */
		18172536180B8E6700CFE2A0 /* InfoPlist.strings */ = {
			isa = PBXVariantGroup;
			children = (
				18172537180B8E6700CFE2A0 /* en */,
			);
			name = InfoPlist.strings;
			sourceTree = "<group>";
		};
/* End PBXVariantGroup section */

/* Begin XCBuildConfiguration section */
		18172545180B8E6700CFE2A0 /* Debug */ = {
			isa = XCBuildConfiguration;
			buildSettings = {
				ALWAYS_SEARCH_USER_PATHS = NO;
				CLANG_CXX_LANGUAGE_STANDARD = "gnu++0x";
				CLANG_CXX_LIBRARY = "libc++";
				CLANG_ENABLE_OBJC_ARC = YES;
				CLANG_WARN_CONSTANT_CONVERSION = YES;
				CLANG_WARN_EMPTY_BODY = YES;
				CLANG_WARN_ENUM_CONVERSION = YES;
				CLANG_WARN_INT_CONVERSION = YES;
				CLANG_WARN__DUPLICATE_METHOD_MATCH = YES;
				"CODE_SIGN_IDENTITY[sdk=iphoneos*]" = "iPhone Developer";
				COPY_PHASE_STRIP = NO;
				GCC_C_LANGUAGE_STANDARD = gnu99;
				GCC_DYNAMIC_NO_PIC = NO;
				GCC_OPTIMIZATION_LEVEL = 0;
				GCC_PREPROCESSOR_DEFINITIONS = (
					"DEBUG=1",
					"$(inherited)",
				);
				GCC_SYMBOLS_PRIVATE_EXTERN = NO;
				GCC_WARN_ABOUT_RETURN_TYPE = YES;
				GCC_WARN_UNINITIALIZED_AUTOS = YES;
				GCC_WARN_UNUSED_VARIABLE = YES;
				IPHONEOS_DEPLOYMENT_TARGET = 6.1;
				ONLY_ACTIVE_ARCH = YES;
				SDKROOT = iphoneos;
			};
			name = Debug;
		};
		18172546180B8E6700CFE2A0 /* Release */ = {
			isa = XCBuildConfiguration;
			buildSettings = {
				ALWAYS_SEARCH_USER_PATHS = NO;
				CLANG_CXX_LANGUAGE_STANDARD = "gnu++0x";
				CLANG_CXX_LIBRARY = "libc++";
				CLANG_ENABLE_OBJC_ARC = YES;
				CLANG_WARN_CONSTANT_CONVERSION = YES;
				CLANG_WARN_EMPTY_BODY = YES;
				CLANG_WARN_ENUM_CONVERSION = YES;
				CLANG_WARN_INT_CONVERSION = YES;
				CLANG_WARN__DUPLICATE_METHOD_MATCH = YES;
				"CODE_SIGN_IDENTITY[sdk=iphoneos*]" = "iPhone Developer";
				COPY_PHASE_STRIP = YES;
				GCC_C_LANGUAGE_STANDARD = gnu99;
				GCC_WARN_ABOUT_RETURN_TYPE = YES;
				GCC_WARN_UNINITIALIZED_AUTOS = YES;
				GCC_WARN_UNUSED_VARIABLE = YES;
				IPHONEOS_DEPLOYMENT_TARGET = 6.1;
				OTHER_CFLAGS = "-DNS_BLOCK_ASSERTIONS=1";
				SDKROOT = iphoneos;
				VALIDATE_PRODUCT = YES;
			};
			name = Release;
		};
		18172548180B8E6700CFE2A0 /* Debug */ = {
			isa = XCBuildConfiguration;
			buildSettings = {
				GCC_PRECOMPILE_PREFIX_HEADER = YES;
				GCC_PREFIX_HEADER = "瀑布流/瀑布流-Prefix.pch";
				INFOPLIST_FILE = "瀑布流/瀑布流-Info.plist";
				PRODUCT_NAME = "$(TARGET_NAME)";
				WRAPPER_EXTENSION = app;
			};
			name = Debug;
		};
		18172549180B8E6700CFE2A0 /* Release */ = {
			isa = XCBuildConfiguration;
			buildSettings = {
				GCC_PRECOMPILE_PREFIX_HEADER = YES;
				GCC_PREFIX_HEADER = "瀑布流/瀑布流-Prefix.pch";
				INFOPLIST_FILE = "瀑布流/瀑布流-Info.plist";
				PRODUCT_NAME = "$(TARGET_NAME)";
				WRAPPER_EXTENSION = app;
			};
			name = Release;
		};
/* End XCBuildConfiguration section */

/* Begin XCConfigurationList section */
		18172525180B8E6700CFE2A0 /* Build configuration list for PBXProject "瀑布流" */ = {
			isa = XCConfigurationList;
			buildConfigurations = (
				18172545180B8E6700CFE2A0 /* Debug */,
				18172546180B8E6700CFE2A0 /* Release */,
			);
			defaultConfigurationIsVisible = 0;
			defaultConfigurationName = Release;
		};
		18172547180B8E6700CFE2A0 /* Build configuration list for PBXNativeTarget "瀑布流" */ = {
			isa = XCConfigurationList;
			buildConfigurations = (
				18172548180B8E6700CFE2A0 /* Debug */,
				18172549180B8E6700CFE2A0 /* Release */,
			);
			defaultConfigurationIsVisible = 0;
			defaultConfigurationName = Release;
		};
/* End XCConfigurationList section */
	};
	rootObject = 18172522180B8E6700CFE2A0 /* Project object */;
}
